
Microsoft Visual Studio Solution File, Format Version 12.00
# Visual Studio Version 16
VisualStudioVersion = 16.0.33130.400
MinimumVisualStudioVersion = 10.0.40219.1
Project("{FAE04EC0-301F-11D3-BF4B-00C04F79EFBC}") = "ConsoleApp4", "ConsoleApp4\ConsoleApp4.csproj", "{FB846993-8228-415C-A8AE-102843648800}"
EndProject
Global
	GlobalSection(SolutionConfigurationPlatforms) = preSolution
		Debug|Any CPU = Debug|Any CPU
		Release|Any CPU = Release|Any CPU
	EndGlobalSection
	GlobalSection(ProjectConfigurationPlatforms) = postSolution
		{FB846993-8228-415C-A8AE-102843648800}.Debug|Any CPU.ActiveCfg = Debug|Any CPU
		{FB846993-8228-415C-A8AE-102843648800}.Debug|Any CPU.Build.0 = Debug|Any CPU
		{FB846993-8228-415C-A8AE-102843648800}.Release|Any CPU.ActiveCfg = Release|Any CPU
		{FB846993-8228-415C-A8AE-102843648800}.Release|Any CPU.Build.0 = Release|Any CPU
	EndGlobalSection
	GlobalSection(SolutionProperties) = preSolution
		HideSolutionNode = FALSE
	EndGlobalSection
	GlobalSection(ExtensibilityGlobals) = postSolution
		SolutionGuid = {E31758C8-6754-4AE3-B93D-91408A429CB5}
	EndGlobalSection
EndGlobal
